
Microsoft Visual Studio Solution File, Format Version 12.00
# Visual Studio Version 16
VisualStudioVersion = 16.0.30330.147
MinimumVisualStudioVersion = 10.0.40219.1
Project("{FAE04EC0-301F-11D3-BF4B-00C04F79EFBC}") = "RefEOut", "RefEOut\RefEOut.csproj", "{19F2BC55-8146-4A24-825B-44A53C4586F1}"
EndProject
Global
	GlobalSection(SolutionConfigurationPlatforms) = preSolution
		Debug|Any CPU = Debug|Any CPU
		Release|Any CPU = Release|Any CPU
	EndGlobalSection
	GlobalSection(ProjectConfigurationPlatforms) = postSolution
		{19F2BC55-8146-4A24-825B-44A53C4586F1}.Debug|Any CPU.ActiveCfg = Debug|Any CPU
		{19F2BC55-8146-4A24-825B-44A53C4586F1}.Debug|Any CPU.Build.0 = Debug|Any CPU
		{19F2BC55-8146-4A24-825B-44A53C4586F1}.Release|Any CPU.ActiveCfg = Release|Any CPU
		{19F2BC55-8146-4A24-825B-44A53C4586F1}.Release|Any CPU.Build.0 = Release|Any CPU
	EndGlobalSection
	GlobalSection(SolutionProperties) = preSolution
		HideSolutionNode = FALSE
	EndGlobalSection
	GlobalSection(ExtensibilityGlobals) = postSolution
		SolutionGuid = {665EE8C1-0240-4783-8C14-0FA243B594A2}
	EndGlobalSection
EndGlobal
