
Microsoft Visual Studio Solution File, Format Version 12.00
# Visual Studio Version 16
VisualStudioVersion = 16.0.30621.155
MinimumVisualStudioVersion = 10.0.40219.1
Project("{FAE04EC0-301F-11D3-BF4B-00C04F79EFBC}") = "CompararObjeto", "CompararObjeto\CompararObjeto.csproj", "{DC464D73-034C-45C9-8097-241E64766363}"
EndProject
Global
	GlobalSection(SolutionConfigurationPlatforms) = preSolution
		Debug|Any CPU = Debug|Any CPU
		Release|Any CPU = Release|Any CPU
	EndGlobalSection
	GlobalSection(ProjectConfigurationPlatforms) = postSolution
		{DC464D73-034C-45C9-8097-241E64766363}.Debug|Any CPU.ActiveCfg = Debug|Any CPU
		{DC464D73-034C-45C9-8097-241E64766363}.Debug|Any CPU.Build.0 = Debug|Any CPU
		{DC464D73-034C-45C9-8097-241E64766363}.Release|Any CPU.ActiveCfg = Release|Any CPU
		{DC464D73-034C-45C9-8097-241E64766363}.Release|Any CPU.Build.0 = Release|Any CPU
	EndGlobalSection
	GlobalSection(SolutionProperties) = preSolution
		HideSolutionNode = FALSE
	EndGlobalSection
	GlobalSection(ExtensibilityGlobals) = postSolution
		SolutionGuid = {B24EC7A5-8C68-42CF-A928-A75BCF7389ED}
	EndGlobalSection
EndGlobal
