
Microsoft Visual Studio Solution File, Format Version 12.00
# Visual Studio Version 16
VisualStudioVersion = 16.0.30517.126
MinimumVisualStudioVersion = 10.0.40219.1
Project("{FAE04EC0-301F-11D3-BF4B-00C04F79EFBC}") = "DelegatesEx", "DelegatesEx\DelegatesEx.csproj", "{E5126BD7-B57D-474D-BA3C-1F7B0CAD6E36}"
EndProject
Global
	GlobalSection(SolutionConfigurationPlatforms) = preSolution
		Debug|Any CPU = Debug|Any CPU
		Release|Any CPU = Release|Any CPU
	EndGlobalSection
	GlobalSection(ProjectConfigurationPlatforms) = postSolution
		{E5126BD7-B57D-474D-BA3C-1F7B0CAD6E36}.Debug|Any CPU.ActiveCfg = Debug|Any CPU
		{E5126BD7-B57D-474D-BA3C-1F7B0CAD6E36}.Debug|Any CPU.Build.0 = Debug|Any CPU
		{E5126BD7-B57D-474D-BA3C-1F7B0CAD6E36}.Release|Any CPU.ActiveCfg = Release|Any CPU
		{E5126BD7-B57D-474D-BA3C-1F7B0CAD6E36}.Release|Any CPU.Build.0 = Release|Any CPU
	EndGlobalSection
	GlobalSection(SolutionProperties) = preSolution
		HideSolutionNode = FALSE
	EndGlobalSection
	GlobalSection(ExtensibilityGlobals) = postSolution
		SolutionGuid = {CF5C18A9-D113-4F78-AD9A-A68AF4450940}
	EndGlobalSection
EndGlobal
