
Microsoft Visual Studio Solution File, Format Version 12.00
# Visual Studio Version 16
VisualStudioVersion = 16.0.30330.147
MinimumVisualStudioVersion = 10.0.40219.1
Project("{FAE04EC0-301F-11D3-BF4B-00C04F79EFBC}") = "OperadorTernario", "OperadorTernario\OperadorTernario.csproj", "{88B15B07-6989-4FF3-9A8E-40E2ADB9D347}"
EndProject
Global
	GlobalSection(SolutionConfigurationPlatforms) = preSolution
		Debug|Any CPU = Debug|Any CPU
		Release|Any CPU = Release|Any CPU
	EndGlobalSection
	GlobalSection(ProjectConfigurationPlatforms) = postSolution
		{88B15B07-6989-4FF3-9A8E-40E2ADB9D347}.Debug|Any CPU.ActiveCfg = Debug|Any CPU
		{88B15B07-6989-4FF3-9A8E-40E2ADB9D347}.Debug|Any CPU.Build.0 = Debug|Any CPU
		{88B15B07-6989-4FF3-9A8E-40E2ADB9D347}.Release|Any CPU.ActiveCfg = Release|Any CPU
		{88B15B07-6989-4FF3-9A8E-40E2ADB9D347}.Release|Any CPU.Build.0 = Release|Any CPU
	EndGlobalSection
	GlobalSection(SolutionProperties) = preSolution
		HideSolutionNode = FALSE
	EndGlobalSection
	GlobalSection(ExtensibilityGlobals) = postSolution
		SolutionGuid = {3FD140F6-321F-4003-ACF8-9E0E66BA430A}
	EndGlobalSection
EndGlobal
