
Microsoft Visual Studio Solution File, Format Version 12.00
# Visual Studio Version 16
VisualStudioVersion = 16.0.30621.155
MinimumVisualStudioVersion = 10.0.40219.1
Project("{FAE04EC0-301F-11D3-BF4B-00C04F79EFBC}") = "InterfaceClasseAbstr", "InterfaceClasseAbstr\InterfaceClasseAbstr.csproj", "{753CAEFC-150A-4ACF-8289-5E785A8A9170}"
EndProject
Global
	GlobalSection(SolutionConfigurationPlatforms) = preSolution
		Debug|Any CPU = Debug|Any CPU
		Release|Any CPU = Release|Any CPU
	EndGlobalSection
	GlobalSection(ProjectConfigurationPlatforms) = postSolution
		{753CAEFC-150A-4ACF-8289-5E785A8A9170}.Debug|Any CPU.ActiveCfg = Debug|Any CPU
		{753CAEFC-150A-4ACF-8289-5E785A8A9170}.Debug|Any CPU.Build.0 = Debug|Any CPU
		{753CAEFC-150A-4ACF-8289-5E785A8A9170}.Release|Any CPU.ActiveCfg = Release|Any CPU
		{753CAEFC-150A-4ACF-8289-5E785A8A9170}.Release|Any CPU.Build.0 = Release|Any CPU
	EndGlobalSection
	GlobalSection(SolutionProperties) = preSolution
		HideSolutionNode = FALSE
	EndGlobalSection
	GlobalSection(ExtensibilityGlobals) = postSolution
		SolutionGuid = {F3FD1F9E-BD21-4207-9780-3A9D29D9CB40}
	EndGlobalSection
EndGlobal
