
Microsoft Visual Studio Solution File, Format Version 12.00
# Visual Studio Version 16
VisualStudioVersion = 16.0.30330.147
MinimumVisualStudioVersion = 10.0.40219.1
Project("{FAE04EC0-301F-11D3-BF4B-00C04F79EFBC}") = "Exercicio01", "ExerciciosPropostos\Exercicio01.csproj", "{921B3CEE-1A2C-4F32-80A6-A331B4834F6E}"
EndProject
Global
	GlobalSection(SolutionConfigurationPlatforms) = preSolution
		Debug|Any CPU = Debug|Any CPU
		Release|Any CPU = Release|Any CPU
	EndGlobalSection
	GlobalSection(ProjectConfigurationPlatforms) = postSolution
		{921B3CEE-1A2C-4F32-80A6-A331B4834F6E}.Debug|Any CPU.ActiveCfg = Debug|Any CPU
		{921B3CEE-1A2C-4F32-80A6-A331B4834F6E}.Debug|Any CPU.Build.0 = Debug|Any CPU
		{921B3CEE-1A2C-4F32-80A6-A331B4834F6E}.Release|Any CPU.ActiveCfg = Release|Any CPU
		{921B3CEE-1A2C-4F32-80A6-A331B4834F6E}.Release|Any CPU.Build.0 = Release|Any CPU
	EndGlobalSection
	GlobalSection(SolutionProperties) = preSolution
		HideSolutionNode = FALSE
	EndGlobalSection
	GlobalSection(ExtensibilityGlobals) = postSolution
		SolutionGuid = {4B1556EA-CAAE-4B5D-B671-16D55C47CE48}
	EndGlobalSection
EndGlobal
