
Microsoft Visual Studio Solution File, Format Version 12.00
# Visual Studio Version 16
VisualStudioVersion = 16.0.30330.147
MinimumVisualStudioVersion = 10.0.40219.1
Project("{FAE04EC0-301F-11D3-BF4B-00C04F79EFBC}") = "Exercicio", "Exercicio\Exercicio.csproj", "{69AA0827-3D84-4FFE-82AB-BD2A4CCD4A2D}"
EndProject
Global
	GlobalSection(SolutionConfigurationPlatforms) = preSolution
		Debug|Any CPU = Debug|Any CPU
		Release|Any CPU = Release|Any CPU
	EndGlobalSection
	GlobalSection(ProjectConfigurationPlatforms) = postSolution
		{69AA0827-3D84-4FFE-82AB-BD2A4CCD4A2D}.Debug|Any CPU.ActiveCfg = Debug|Any CPU
		{69AA0827-3D84-4FFE-82AB-BD2A4CCD4A2D}.Debug|Any CPU.Build.0 = Debug|Any CPU
		{69AA0827-3D84-4FFE-82AB-BD2A4CCD4A2D}.Release|Any CPU.ActiveCfg = Release|Any CPU
		{69AA0827-3D84-4FFE-82AB-BD2A4CCD4A2D}.Release|Any CPU.Build.0 = Release|Any CPU
	EndGlobalSection
	GlobalSection(SolutionProperties) = preSolution
		HideSolutionNode = FALSE
	EndGlobalSection
	GlobalSection(ExtensibilityGlobals) = postSolution
		SolutionGuid = {2776BE11-8D3F-44EF-8867-AD1E7BCA5F11}
	EndGlobalSection
EndGlobal
