
Microsoft Visual Studio Solution File, Format Version 12.00
# Visual Studio Version 16
VisualStudioVersion = 16.0.30330.147
MinimumVisualStudioVersion = 10.0.40219.1
Project("{FAE04EC0-301F-11D3-BF4B-00C04F79EFBC}") = "Exercicio02", "Exercicio02\Exercicio02.csproj", "{32DFBE90-8B0B-41C3-ABAB-F40923D30867}"
EndProject
Global
	GlobalSection(SolutionConfigurationPlatforms) = preSolution
		Debug|Any CPU = Debug|Any CPU
		Release|Any CPU = Release|Any CPU
	EndGlobalSection
	GlobalSection(ProjectConfigurationPlatforms) = postSolution
		{32DFBE90-8B0B-41C3-ABAB-F40923D30867}.Debug|Any CPU.ActiveCfg = Debug|Any CPU
		{32DFBE90-8B0B-41C3-ABAB-F40923D30867}.Debug|Any CPU.Build.0 = Debug|Any CPU
		{32DFBE90-8B0B-41C3-ABAB-F40923D30867}.Release|Any CPU.ActiveCfg = Release|Any CPU
		{32DFBE90-8B0B-41C3-ABAB-F40923D30867}.Release|Any CPU.Build.0 = Release|Any CPU
	EndGlobalSection
	GlobalSection(SolutionProperties) = preSolution
		HideSolutionNode = FALSE
	EndGlobalSection
	GlobalSection(ExtensibilityGlobals) = postSolution
		SolutionGuid = {2226979D-DDCC-499D-8C80-B47AE3A0E8D1}
	EndGlobalSection
EndGlobal
