
Microsoft Visual Studio Solution File, Format Version 12.00
# Visual Studio Version 16
VisualStudioVersion = 16.0.30330.147
MinimumVisualStudioVersion = 10.0.40219.1
Project("{FAE04EC0-301F-11D3-BF4B-00C04F79EFBC}") = "OpTimeSpan", "OpTimeSpan\OpTimeSpan.csproj", "{1812C401-9106-4C3C-9110-3600C3F805C5}"
EndProject
Global
	GlobalSection(SolutionConfigurationPlatforms) = preSolution
		Debug|Any CPU = Debug|Any CPU
		Release|Any CPU = Release|Any CPU
	EndGlobalSection
	GlobalSection(ProjectConfigurationPlatforms) = postSolution
		{1812C401-9106-4C3C-9110-3600C3F805C5}.Debug|Any CPU.ActiveCfg = Debug|Any CPU
		{1812C401-9106-4C3C-9110-3600C3F805C5}.Debug|Any CPU.Build.0 = Debug|Any CPU
		{1812C401-9106-4C3C-9110-3600C3F805C5}.Release|Any CPU.ActiveCfg = Release|Any CPU
		{1812C401-9106-4C3C-9110-3600C3F805C5}.Release|Any CPU.Build.0 = Release|Any CPU
	EndGlobalSection
	GlobalSection(SolutionProperties) = preSolution
		HideSolutionNode = FALSE
	EndGlobalSection
	GlobalSection(ExtensibilityGlobals) = postSolution
		SolutionGuid = {1012D8A7-1D35-461B-8FB2-96D95195B142}
	EndGlobalSection
EndGlobal
