
Microsoft Visual Studio Solution File, Format Version 12.00
# Visual Studio Version 16
VisualStudioVersion = 16.0.30330.147
MinimumVisualStudioVersion = 10.0.40219.1
Project("{FAE04EC0-301F-11D3-BF4B-00C04F79EFBC}") = "ContaBancaria", "ContaBancaria\ContaBancaria.csproj", "{44C765F6-1460-459F-96D5-7A2DF344551D}"
EndProject
Global
	GlobalSection(SolutionConfigurationPlatforms) = preSolution
		Debug|Any CPU = Debug|Any CPU
		Release|Any CPU = Release|Any CPU
	EndGlobalSection
	GlobalSection(ProjectConfigurationPlatforms) = postSolution
		{44C765F6-1460-459F-96D5-7A2DF344551D}.Debug|Any CPU.ActiveCfg = Debug|Any CPU
		{44C765F6-1460-459F-96D5-7A2DF344551D}.Debug|Any CPU.Build.0 = Debug|Any CPU
		{44C765F6-1460-459F-96D5-7A2DF344551D}.Release|Any CPU.ActiveCfg = Release|Any CPU
		{44C765F6-1460-459F-96D5-7A2DF344551D}.Release|Any CPU.Build.0 = Release|Any CPU
	EndGlobalSection
	GlobalSection(SolutionProperties) = preSolution
		HideSolutionNode = FALSE
	EndGlobalSection
	GlobalSection(ExtensibilityGlobals) = postSolution
		SolutionGuid = {6EDBE005-31B6-4E63-8E93-89F443BB0C65}
	EndGlobalSection
EndGlobal
