
Microsoft Visual Studio Solution File, Format Version 12.00
# Visual Studio Version 16
VisualStudioVersion = 16.0.30523.141
MinimumVisualStudioVersion = 10.0.40219.1
Project("{FAE04EC0-301F-11D3-BF4B-00C04F79EFBC}") = "ExcecoesPersonalizadas", "ExcecoesPersonalizadas\ExcecoesPersonalizadas.csproj", "{7637454B-3A7A-497D-8119-3BF0E6D03F9B}"
EndProject
Global
	GlobalSection(SolutionConfigurationPlatforms) = preSolution
		Debug|Any CPU = Debug|Any CPU
		Release|Any CPU = Release|Any CPU
	EndGlobalSection
	GlobalSection(ProjectConfigurationPlatforms) = postSolution
		{7637454B-3A7A-497D-8119-3BF0E6D03F9B}.Debug|Any CPU.ActiveCfg = Debug|Any CPU
		{7637454B-3A7A-497D-8119-3BF0E6D03F9B}.Debug|Any CPU.Build.0 = Debug|Any CPU
		{7637454B-3A7A-497D-8119-3BF0E6D03F9B}.Release|Any CPU.ActiveCfg = Release|Any CPU
		{7637454B-3A7A-497D-8119-3BF0E6D03F9B}.Release|Any CPU.Build.0 = Release|Any CPU
	EndGlobalSection
	GlobalSection(SolutionProperties) = preSolution
		HideSolutionNode = FALSE
	EndGlobalSection
	GlobalSection(ExtensibilityGlobals) = postSolution
		SolutionGuid = {73C2EE3E-D16C-4EF5-90EF-7D4FB2005123}
	EndGlobalSection
EndGlobal
