
Microsoft Visual Studio Solution File, Format Version 12.00
# Visual Studio Version 16
VisualStudioVersion = 16.0.30517.126
MinimumVisualStudioVersion = 10.0.40219.1
Project("{FAE04EC0-301F-11D3-BF4B-00C04F79EFBC}") = "ActionEx", "ActionEx\ActionEx.csproj", "{3830F889-3CB7-4C3F-9425-BFBD21BE872B}"
EndProject
Global
	GlobalSection(SolutionConfigurationPlatforms) = preSolution
		Debug|Any CPU = Debug|Any CPU
		Release|Any CPU = Release|Any CPU
	EndGlobalSection
	GlobalSection(ProjectConfigurationPlatforms) = postSolution
		{3830F889-3CB7-4C3F-9425-BFBD21BE872B}.Debug|Any CPU.ActiveCfg = Debug|Any CPU
		{3830F889-3CB7-4C3F-9425-BFBD21BE872B}.Debug|Any CPU.Build.0 = Debug|Any CPU
		{3830F889-3CB7-4C3F-9425-BFBD21BE872B}.Release|Any CPU.ActiveCfg = Release|Any CPU
		{3830F889-3CB7-4C3F-9425-BFBD21BE872B}.Release|Any CPU.Build.0 = Release|Any CPU
	EndGlobalSection
	GlobalSection(SolutionProperties) = preSolution
		HideSolutionNode = FALSE
	EndGlobalSection
	GlobalSection(ExtensibilityGlobals) = postSolution
		SolutionGuid = {3B76F92B-3883-4A54-8187-255B4F90E093}
	EndGlobalSection
EndGlobal
