
Microsoft Visual Studio Solution File, Format Version 12.00
# Visual Studio Version 16
VisualStudioVersion = 16.0.30523.141
MinimumVisualStudioVersion = 10.0.40219.1
Project("{FAE04EC0-301F-11D3-BF4B-00C04F79EFBC}") = "StringBuilderPostApp", "StringBuilderPostApp\StringBuilderPostApp.csproj", "{127C464C-4485-48AA-A345-FD7C2DF29A78}"
EndProject
Global
	GlobalSection(SolutionConfigurationPlatforms) = preSolution
		Debug|Any CPU = Debug|Any CPU
		Release|Any CPU = Release|Any CPU
	EndGlobalSection
	GlobalSection(ProjectConfigurationPlatforms) = postSolution
		{127C464C-4485-48AA-A345-FD7C2DF29A78}.Debug|Any CPU.ActiveCfg = Debug|Any CPU
		{127C464C-4485-48AA-A345-FD7C2DF29A78}.Debug|Any CPU.Build.0 = Debug|Any CPU
		{127C464C-4485-48AA-A345-FD7C2DF29A78}.Release|Any CPU.ActiveCfg = Release|Any CPU
		{127C464C-4485-48AA-A345-FD7C2DF29A78}.Release|Any CPU.Build.0 = Release|Any CPU
	EndGlobalSection
	GlobalSection(SolutionProperties) = preSolution
		HideSolutionNode = FALSE
	EndGlobalSection
	GlobalSection(ExtensibilityGlobals) = postSolution
		SolutionGuid = {462E824D-7C7C-48A7-B60C-997467976180}
	EndGlobalSection
EndGlobal
