
Microsoft Visual Studio Solution File, Format Version 12.00
# Visual Studio Version 16
VisualStudioVersion = 16.0.30330.147
MinimumVisualStudioVersion = 10.0.40219.1
Project("{FAE04EC0-301F-11D3-BF4B-00C04F79EFBC}") = "Exercicio07", "Exercicio07\Exercicio07.csproj", "{747FB78C-8215-468A-AB54-30354FD70403}"
EndProject
Global
	GlobalSection(SolutionConfigurationPlatforms) = preSolution
		Debug|Any CPU = Debug|Any CPU
		Release|Any CPU = Release|Any CPU
	EndGlobalSection
	GlobalSection(ProjectConfigurationPlatforms) = postSolution
		{747FB78C-8215-468A-AB54-30354FD70403}.Debug|Any CPU.ActiveCfg = Debug|Any CPU
		{747FB78C-8215-468A-AB54-30354FD70403}.Debug|Any CPU.Build.0 = Debug|Any CPU
		{747FB78C-8215-468A-AB54-30354FD70403}.Release|Any CPU.ActiveCfg = Release|Any CPU
		{747FB78C-8215-468A-AB54-30354FD70403}.Release|Any CPU.Build.0 = Release|Any CPU
	EndGlobalSection
	GlobalSection(SolutionProperties) = preSolution
		HideSolutionNode = FALSE
	EndGlobalSection
	GlobalSection(ExtensibilityGlobals) = postSolution
		SolutionGuid = {5AA3C494-5C5E-485B-A8DB-C2AC28CC3FB0}
	EndGlobalSection
EndGlobal
