
Microsoft Visual Studio Solution File, Format Version 12.00
# Visual Studio Version 16
VisualStudioVersion = 16.0.30330.147
MinimumVisualStudioVersion = 10.0.40219.1
Project("{FAE04EC0-301F-11D3-BF4B-00C04F79EFBC}") = "Matrizes", "Matrizes\Matrizes.csproj", "{04C856AF-3B82-4017-8AA3-B2F5D0E29350}"
EndProject
Global
	GlobalSection(SolutionConfigurationPlatforms) = preSolution
		Debug|Any CPU = Debug|Any CPU
		Release|Any CPU = Release|Any CPU
	EndGlobalSection
	GlobalSection(ProjectConfigurationPlatforms) = postSolution
		{04C856AF-3B82-4017-8AA3-B2F5D0E29350}.Debug|Any CPU.ActiveCfg = Debug|Any CPU
		{04C856AF-3B82-4017-8AA3-B2F5D0E29350}.Debug|Any CPU.Build.0 = Debug|Any CPU
		{04C856AF-3B82-4017-8AA3-B2F5D0E29350}.Release|Any CPU.ActiveCfg = Release|Any CPU
		{04C856AF-3B82-4017-8AA3-B2F5D0E29350}.Release|Any CPU.Build.0 = Release|Any CPU
	EndGlobalSection
	GlobalSection(SolutionProperties) = preSolution
		HideSolutionNode = FALSE
	EndGlobalSection
	GlobalSection(ExtensibilityGlobals) = postSolution
		SolutionGuid = {360DCBB8-6B29-4FCC-B5EB-EC0156E8638B}
	EndGlobalSection
EndGlobal
