
Microsoft Visual Studio Solution File, Format Version 12.00
# Visual Studio Version 16
VisualStudioVersion = 16.0.30330.147
MinimumVisualStudioVersion = 10.0.40219.1
Project("{FAE04EC0-301F-11D3-BF4B-00C04F79EFBC}") = "2.  ConversaoImplicitaECasting", "2.  ConversaoImplicitaECasting\2.  ConversaoImplicitaECasting.csproj", "{A8DA9F2F-3D01-4A51-A862-3388D6E4C3E7}"
EndProject
Global
	GlobalSection(SolutionConfigurationPlatforms) = preSolution
		Debug|Any CPU = Debug|Any CPU
		Release|Any CPU = Release|Any CPU
	EndGlobalSection
	GlobalSection(ProjectConfigurationPlatforms) = postSolution
		{A8DA9F2F-3D01-4A51-A862-3388D6E4C3E7}.Debug|Any CPU.ActiveCfg = Debug|Any CPU
		{A8DA9F2F-3D01-4A51-A862-3388D6E4C3E7}.Debug|Any CPU.Build.0 = Debug|Any CPU
		{A8DA9F2F-3D01-4A51-A862-3388D6E4C3E7}.Release|Any CPU.ActiveCfg = Release|Any CPU
		{A8DA9F2F-3D01-4A51-A862-3388D6E4C3E7}.Release|Any CPU.Build.0 = Release|Any CPU
	EndGlobalSection
	GlobalSection(SolutionProperties) = preSolution
		HideSolutionNode = FALSE
	EndGlobalSection
	GlobalSection(ExtensibilityGlobals) = postSolution
		SolutionGuid = {D9C8C74C-BF32-459A-88FA-19C16F6628ED}
	EndGlobalSection
EndGlobal
