
Microsoft Visual Studio Solution File, Format Version 12.00
# Visual Studio Version 16
VisualStudioVersion = 16.0.30517.126
MinimumVisualStudioVersion = 10.0.40219.1
Project("{FAE04EC0-301F-11D3-BF4B-00C04F79EFBC}") = "StrWriter", "StrWriter\StrWriter.csproj", "{D4CFD970-8702-4BB8-8AE3-A3620C2CC631}"
EndProject
Global
	GlobalSection(SolutionConfigurationPlatforms) = preSolution
		Debug|Any CPU = Debug|Any CPU
		Release|Any CPU = Release|Any CPU
	EndGlobalSection
	GlobalSection(ProjectConfigurationPlatforms) = postSolution
		{D4CFD970-8702-4BB8-8AE3-A3620C2CC631}.Debug|Any CPU.ActiveCfg = Debug|Any CPU
		{D4CFD970-8702-4BB8-8AE3-A3620C2CC631}.Debug|Any CPU.Build.0 = Debug|Any CPU
		{D4CFD970-8702-4BB8-8AE3-A3620C2CC631}.Release|Any CPU.ActiveCfg = Release|Any CPU
		{D4CFD970-8702-4BB8-8AE3-A3620C2CC631}.Release|Any CPU.Build.0 = Release|Any CPU
	EndGlobalSection
	GlobalSection(SolutionProperties) = preSolution
		HideSolutionNode = FALSE
	EndGlobalSection
	GlobalSection(ExtensibilityGlobals) = postSolution
		SolutionGuid = {F7799B0B-7614-4CEC-979E-6DCC04FA25FB}
	EndGlobalSection
EndGlobal
