
Microsoft Visual Studio Solution File, Format Version 12.00
# Visual Studio Version 16
VisualStudioVersion = 16.0.30621.155
MinimumVisualStudioVersion = 10.0.40219.1
Project("{9A19103F-16F7-4668-BE54-9A1E7A4F7556}") = "LocadoraVeiculoCI", "LocadoraVeiculoSI\LocadoraVeiculoCI.csproj", "{E97FB3DB-49A6-49DC-8DED-61FF508B8BA0}"
EndProject
Global
	GlobalSection(SolutionConfigurationPlatforms) = preSolution
		Debug|Any CPU = Debug|Any CPU
		Release|Any CPU = Release|Any CPU
	EndGlobalSection
	GlobalSection(ProjectConfigurationPlatforms) = postSolution
		{E97FB3DB-49A6-49DC-8DED-61FF508B8BA0}.Debug|Any CPU.ActiveCfg = Debug|Any CPU
		{E97FB3DB-49A6-49DC-8DED-61FF508B8BA0}.Debug|Any CPU.Build.0 = Debug|Any CPU
		{E97FB3DB-49A6-49DC-8DED-61FF508B8BA0}.Release|Any CPU.ActiveCfg = Release|Any CPU
		{E97FB3DB-49A6-49DC-8DED-61FF508B8BA0}.Release|Any CPU.Build.0 = Release|Any CPU
	EndGlobalSection
	GlobalSection(SolutionProperties) = preSolution
		HideSolutionNode = FALSE
	EndGlobalSection
	GlobalSection(ExtensibilityGlobals) = postSolution
		SolutionGuid = {186732A0-C525-4B8C-942E-B7575E6CA99C}
	EndGlobalSection
EndGlobal
