
Microsoft Visual Studio Solution File, Format Version 12.00
# Visual Studio Version 16
VisualStudioVersion = 16.0.30330.147
MinimumVisualStudioVersion = 10.0.40219.1
Project("{FAE04EC0-301F-11D3-BF4B-00C04F79EFBC}") = "Exercicio01", "Exercicio01\Exercicio01.csproj", "{05A573C2-FA89-4630-BB53-48604CCABDD0}"
EndProject
Global
	GlobalSection(SolutionConfigurationPlatforms) = preSolution
		Debug|Any CPU = Debug|Any CPU
		Release|Any CPU = Release|Any CPU
	EndGlobalSection
	GlobalSection(ProjectConfigurationPlatforms) = postSolution
		{05A573C2-FA89-4630-BB53-48604CCABDD0}.Debug|Any CPU.ActiveCfg = Debug|Any CPU
		{05A573C2-FA89-4630-BB53-48604CCABDD0}.Debug|Any CPU.Build.0 = Debug|Any CPU
		{05A573C2-FA89-4630-BB53-48604CCABDD0}.Release|Any CPU.ActiveCfg = Release|Any CPU
		{05A573C2-FA89-4630-BB53-48604CCABDD0}.Release|Any CPU.Build.0 = Release|Any CPU
	EndGlobalSection
	GlobalSection(SolutionProperties) = preSolution
		HideSolutionNode = FALSE
	EndGlobalSection
	GlobalSection(ExtensibilityGlobals) = postSolution
		SolutionGuid = {C81C0F9E-3A5A-45E9-BB1A-60A5A272ACD3}
	EndGlobalSection
EndGlobal
