
Microsoft Visual Studio Solution File, Format Version 12.00
# Visual Studio Version 16
VisualStudioVersion = 16.0.30517.126
MinimumVisualStudioVersion = 10.0.40219.1
Project("{FAE04EC0-301F-11D3-BF4B-00C04F79EFBC}") = "ExPredicate", "ExPredicate\ExPredicate.csproj", "{D1CA822E-6874-41D6-8666-CEEC60BCDA7A}"
EndProject
Global
	GlobalSection(SolutionConfigurationPlatforms) = preSolution
		Debug|Any CPU = Debug|Any CPU
		Release|Any CPU = Release|Any CPU
	EndGlobalSection
	GlobalSection(ProjectConfigurationPlatforms) = postSolution
		{D1CA822E-6874-41D6-8666-CEEC60BCDA7A}.Debug|Any CPU.ActiveCfg = Debug|Any CPU
		{D1CA822E-6874-41D6-8666-CEEC60BCDA7A}.Debug|Any CPU.Build.0 = Debug|Any CPU
		{D1CA822E-6874-41D6-8666-CEEC60BCDA7A}.Release|Any CPU.ActiveCfg = Release|Any CPU
		{D1CA822E-6874-41D6-8666-CEEC60BCDA7A}.Release|Any CPU.Build.0 = Release|Any CPU
	EndGlobalSection
	GlobalSection(SolutionProperties) = preSolution
		HideSolutionNode = FALSE
	EndGlobalSection
	GlobalSection(ExtensibilityGlobals) = postSolution
		SolutionGuid = {D111F6FB-0233-4698-90BD-11F9627833E4}
	EndGlobalSection
EndGlobal
