
Microsoft Visual Studio Solution File, Format Version 12.00
# Visual Studio Version 16
VisualStudioVersion = 16.0.30330.147
MinimumVisualStudioVersion = 10.0.40219.1
Project("{FAE04EC0-301F-11D3-BF4B-00C04F79EFBC}") = "DateTimePrj", "DateTimePrj\DateTimePrj.csproj", "{055D2E98-A8A6-4613-AC88-C77EC4D9F966}"
EndProject
Global
	GlobalSection(SolutionConfigurationPlatforms) = preSolution
		Debug|Any CPU = Debug|Any CPU
		Release|Any CPU = Release|Any CPU
	EndGlobalSection
	GlobalSection(ProjectConfigurationPlatforms) = postSolution
		{055D2E98-A8A6-4613-AC88-C77EC4D9F966}.Debug|Any CPU.ActiveCfg = Debug|Any CPU
		{055D2E98-A8A6-4613-AC88-C77EC4D9F966}.Debug|Any CPU.Build.0 = Debug|Any CPU
		{055D2E98-A8A6-4613-AC88-C77EC4D9F966}.Release|Any CPU.ActiveCfg = Release|Any CPU
		{055D2E98-A8A6-4613-AC88-C77EC4D9F966}.Release|Any CPU.Build.0 = Release|Any CPU
	EndGlobalSection
	GlobalSection(SolutionProperties) = preSolution
		HideSolutionNode = FALSE
	EndGlobalSection
	GlobalSection(ExtensibilityGlobals) = postSolution
		SolutionGuid = {00038855-0561-4A79-8B3C-747B92266690}
	EndGlobalSection
EndGlobal
