
Microsoft Visual Studio Solution File, Format Version 12.00
# Visual Studio Version 16
VisualStudioVersion = 16.0.30330.147
MinimumVisualStudioVersion = 10.0.40219.1
Project("{FAE04EC0-301F-11D3-BF4B-00C04F79EFBC}") = "Exercicio02", "Exercicio02\Exercicio02.csproj", "{1B180A06-DB93-4438-99D8-72BC52248837}"
EndProject
Global
	GlobalSection(SolutionConfigurationPlatforms) = preSolution
		Debug|Any CPU = Debug|Any CPU
		Release|Any CPU = Release|Any CPU
	EndGlobalSection
	GlobalSection(ProjectConfigurationPlatforms) = postSolution
		{1B180A06-DB93-4438-99D8-72BC52248837}.Debug|Any CPU.ActiveCfg = Debug|Any CPU
		{1B180A06-DB93-4438-99D8-72BC52248837}.Debug|Any CPU.Build.0 = Debug|Any CPU
		{1B180A06-DB93-4438-99D8-72BC52248837}.Release|Any CPU.ActiveCfg = Release|Any CPU
		{1B180A06-DB93-4438-99D8-72BC52248837}.Release|Any CPU.Build.0 = Release|Any CPU
	EndGlobalSection
	GlobalSection(SolutionProperties) = preSolution
		HideSolutionNode = FALSE
	EndGlobalSection
	GlobalSection(ExtensibilityGlobals) = postSolution
		SolutionGuid = {CCDD2B0A-49AB-443E-9664-ED49595CD832}
	EndGlobalSection
EndGlobal
