
Microsoft Visual Studio Solution File, Format Version 12.00
# Visual Studio Version 16
VisualStudioVersion = 16.0.30330.147
MinimumVisualStudioVersion = 10.0.40219.1
Project("{FAE04EC0-301F-11D3-BF4B-00C04F79EFBC}") = "Exercicio04", "Exercicio04\Exercicio04.csproj", "{DADB3A3B-4E8F-48A9-BD79-230424A8E58E}"
EndProject
Global
	GlobalSection(SolutionConfigurationPlatforms) = preSolution
		Debug|Any CPU = Debug|Any CPU
		Release|Any CPU = Release|Any CPU
	EndGlobalSection
	GlobalSection(ProjectConfigurationPlatforms) = postSolution
		{DADB3A3B-4E8F-48A9-BD79-230424A8E58E}.Debug|Any CPU.ActiveCfg = Debug|Any CPU
		{DADB3A3B-4E8F-48A9-BD79-230424A8E58E}.Debug|Any CPU.Build.0 = Debug|Any CPU
		{DADB3A3B-4E8F-48A9-BD79-230424A8E58E}.Release|Any CPU.ActiveCfg = Release|Any CPU
		{DADB3A3B-4E8F-48A9-BD79-230424A8E58E}.Release|Any CPU.Build.0 = Release|Any CPU
	EndGlobalSection
	GlobalSection(SolutionProperties) = preSolution
		HideSolutionNode = FALSE
	EndGlobalSection
	GlobalSection(ExtensibilityGlobals) = postSolution
		SolutionGuid = {CEB9B1AB-E21D-4C97-AF3C-DF4A015A3749}
	EndGlobalSection
EndGlobal
