
Microsoft Visual Studio Solution File, Format Version 12.00
# Visual Studio Version 16
VisualStudioVersion = 16.0.30330.147
MinimumVisualStudioVersion = 10.0.40219.1
Project("{FAE04EC0-301F-11D3-BF4B-00C04F79EFBC}") = "EstruturaCondicional", "EstruturaCondicional\EstruturaCondicional.csproj", "{F693E241-D70B-4091-8D44-0F25690D9BED}"
EndProject
Global
	GlobalSection(SolutionConfigurationPlatforms) = preSolution
		Debug|Any CPU = Debug|Any CPU
		Release|Any CPU = Release|Any CPU
	EndGlobalSection
	GlobalSection(ProjectConfigurationPlatforms) = postSolution
		{F693E241-D70B-4091-8D44-0F25690D9BED}.Debug|Any CPU.ActiveCfg = Debug|Any CPU
		{F693E241-D70B-4091-8D44-0F25690D9BED}.Debug|Any CPU.Build.0 = Debug|Any CPU
		{F693E241-D70B-4091-8D44-0F25690D9BED}.Release|Any CPU.ActiveCfg = Release|Any CPU
		{F693E241-D70B-4091-8D44-0F25690D9BED}.Release|Any CPU.Build.0 = Release|Any CPU
	EndGlobalSection
	GlobalSection(SolutionProperties) = preSolution
		HideSolutionNode = FALSE
	EndGlobalSection
	GlobalSection(ExtensibilityGlobals) = postSolution
		SolutionGuid = {3A7E288E-6419-4C2D-9F23-7EBF6D510B6F}
	EndGlobalSection
EndGlobal
