
Microsoft Visual Studio Solution File, Format Version 12.00
# Visual Studio Version 16
VisualStudioVersion = 16.0.30330.147
MinimumVisualStudioVersion = 10.0.40219.1
Project("{FAE04EC0-301F-11D3-BF4B-00C04F79EFBC}") = "ProblemaComOrientacaoObj", "ProblemaComOrientacaoObj\ProblemaComOrientacaoObj.csproj", "{0953DB96-6AAC-4A41-B1FF-7AAAA3F328E5}"
EndProject
Global
	GlobalSection(SolutionConfigurationPlatforms) = preSolution
		Debug|Any CPU = Debug|Any CPU
		Release|Any CPU = Release|Any CPU
	EndGlobalSection
	GlobalSection(ProjectConfigurationPlatforms) = postSolution
		{0953DB96-6AAC-4A41-B1FF-7AAAA3F328E5}.Debug|Any CPU.ActiveCfg = Debug|Any CPU
		{0953DB96-6AAC-4A41-B1FF-7AAAA3F328E5}.Debug|Any CPU.Build.0 = Debug|Any CPU
		{0953DB96-6AAC-4A41-B1FF-7AAAA3F328E5}.Release|Any CPU.ActiveCfg = Release|Any CPU
		{0953DB96-6AAC-4A41-B1FF-7AAAA3F328E5}.Release|Any CPU.Build.0 = Release|Any CPU
	EndGlobalSection
	GlobalSection(SolutionProperties) = preSolution
		HideSolutionNode = FALSE
	EndGlobalSection
	GlobalSection(ExtensibilityGlobals) = postSolution
		SolutionGuid = {28E77850-3004-4BBD-91AE-28E83CC6FABE}
	EndGlobalSection
EndGlobal
