
Microsoft Visual Studio Solution File, Format Version 12.00
# Visual Studio Version 16
VisualStudioVersion = 16.0.30523.141
MinimumVisualStudioVersion = 10.0.40219.1
Project("{9A19103F-16F7-4668-BE54-9A1E7A4F7556}") = "Produto", "ExercicioFixacaoProduto\Produto.csproj", "{D854C223-366A-4E11-884F-836094D8E84D}"
EndProject
Global
	GlobalSection(SolutionConfigurationPlatforms) = preSolution
		Debug|Any CPU = Debug|Any CPU
		Release|Any CPU = Release|Any CPU
	EndGlobalSection
	GlobalSection(ProjectConfigurationPlatforms) = postSolution
		{D854C223-366A-4E11-884F-836094D8E84D}.Debug|Any CPU.ActiveCfg = Debug|Any CPU
		{D854C223-366A-4E11-884F-836094D8E84D}.Debug|Any CPU.Build.0 = Debug|Any CPU
		{D854C223-366A-4E11-884F-836094D8E84D}.Release|Any CPU.ActiveCfg = Release|Any CPU
		{D854C223-366A-4E11-884F-836094D8E84D}.Release|Any CPU.Build.0 = Release|Any CPU
	EndGlobalSection
	GlobalSection(SolutionProperties) = preSolution
		HideSolutionNode = FALSE
	EndGlobalSection
	GlobalSection(ExtensibilityGlobals) = postSolution
		SolutionGuid = {3D6B3E64-0F6D-4996-8953-45CAE6600473}
	EndGlobalSection
EndGlobal
